
Microsoft Visual Studio Solution File, Format Version 12.00
# Visual Studio 2013
VisualStudioVersion = 12.0.21005.1
MinimumVisualStudioVersion = 10.0.40219.1
Project("{FAE04EC0-301F-11D3-BF4B-00C04F79EFBC}") = "01FirstEF", "01FirstEF\01FirstEF.csproj", "{60E4958F-4AC4-40DF-BF9D-98745DBC1737}"
EndProject
Project("{FAE04EC0-301F-11D3-BF4B-00C04F79EFBC}") = "02WebApp", "02WebApp\02WebApp.csproj", "{7A8C2244-A3BF-4031-B408-E073658D4F83}"
EndProject
Project("{FAE04EC0-301F-11D3-BF4B-00C04F79EFBC}") = "P03BLL", "P03BLL\P03BLL.csproj", "{94739BF4-180D-423F-A83F-622D8F4655EE}"
EndProject
Project("{FAE04EC0-301F-11D3-BF4B-00C04F79EFBC}") = "P04DAL", "P04DAL\P04DAL.csproj", "{29E0C1B3-1DE9-45B6-8E32-62A767E25EB0}"
EndProject
Project("{FAE04EC0-301F-11D3-BF4B-00C04F79EFBC}") = "P05MODEL", "P05MODEL\P05MODEL.csproj", "{C0D4B26E-623A-4430-8428-5383C3824A74}"
EndProject
Global
	GlobalSection(SolutionConfigurationPlatforms) = preSolution
		Debug|Any CPU = Debug|Any CPU
		Release|Any CPU = Release|Any CPU
	EndGlobalSection
	GlobalSection(ProjectConfigurationPlatforms) = postSolution
		{60E4958F-4AC4-40DF-BF9D-98745DBC1737}.Debug|Any CPU.ActiveCfg = Debug|Any CPU
		{60E4958F-4AC4-40DF-BF9D-98745DBC1737}.Debug|Any CPU.Build.0 = Debug|Any CPU
		{60E4958F-4AC4-40DF-BF9D-98745DBC1737}.Release|Any CPU.ActiveCfg = Release|Any CPU
		{60E4958F-4AC4-40DF-BF9D-98745DBC1737}.Release|Any CPU.Build.0 = Release|Any CPU
		{7A8C2244-A3BF-4031-B408-E073658D4F83}.Debug|Any CPU.ActiveCfg = Debug|Any CPU
		{7A8C2244-A3BF-4031-B408-E073658D4F83}.Debug|Any CPU.Build.0 = Debug|Any CPU
		{7A8C2244-A3BF-4031-B408-E073658D4F83}.Release|Any CPU.ActiveCfg = Release|Any CPU
		{7A8C2244-A3BF-4031-B408-E073658D4F83}.Release|Any CPU.Build.0 = Release|Any CPU
		{94739BF4-180D-423F-A83F-622D8F4655EE}.Debug|Any CPU.ActiveCfg = Debug|Any CPU
		{94739BF4-180D-423F-A83F-622D8F4655EE}.Debug|Any CPU.Build.0 = Debug|Any CPU
		{94739BF4-180D-423F-A83F-622D8F4655EE}.Release|Any CPU.ActiveCfg = Release|Any CPU
		{94739BF4-180D-423F-A83F-622D8F4655EE}.Release|Any CPU.Build.0 = Release|Any CPU
		{29E0C1B3-1DE9-45B6-8E32-62A767E25EB0}.Debug|Any CPU.ActiveCfg = Debug|Any CPU
		{29E0C1B3-1DE9-45B6-8E32-62A767E25EB0}.Debug|Any CPU.Build.0 = Debug|Any CPU
		{29E0C1B3-1DE9-45B6-8E32-62A767E25EB0}.Release|Any CPU.ActiveCfg = Release|Any CPU
		{29E0C1B3-1DE9-45B6-8E32-62A767E25EB0}.Release|Any CPU.Build.0 = Release|Any CPU
		{C0D4B26E-623A-4430-8428-5383C3824A74}.Debug|Any CPU.ActiveCfg = Debug|Any CPU
		{C0D4B26E-623A-4430-8428-5383C3824A74}.Debug|Any CPU.Build.0 = Debug|Any CPU
		{C0D4B26E-623A-4430-8428-5383C3824A74}.Release|Any CPU.ActiveCfg = Release|Any CPU
		{C0D4B26E-623A-4430-8428-5383C3824A74}.Release|Any CPU.Build.0 = Release|Any CPU
	EndGlobalSection
	GlobalSection(SolutionProperties) = preSolution
		HideSolutionNode = FALSE
	EndGlobalSection
EndGlobal
